# This file is automatically @generated by Cargo.
# It is not intended for manual editing.
version = 4

[[package]]
name = "gel-bench"
version = "0.2.0"
dependencies = [
 "gel-core",
 "gel-kernel",
 "gel-orb",
 "gel-reader",
]

[[package]]
name = "gel-cli"
version = "0.2.0"
dependencies = [
 "gel-core",
 "gel-orb",
 "gel-reader",
 "gel-store",
 "gel-structural",
]

[[package]]
name = "gel-core"
version = "0.2.0"

[[package]]
name = "gel-kernel"
version = "0.2.0"
dependencies = [
 "gel-core",
 "gel-orb",
]

[[package]]
name = "gel-orb"
version = "0.2.0"
dependencies = [
 "gel-core",
]

[[package]]
name = "gel-physics"
version = "0.2.0"
dependencies = [
 "gel-core",
]

[[package]]
name = "gel-reader"
version = "0.2.0"
dependencies = [
 "gel-core",
 "gel-kernel",
 "gel-orb",
]

[[package]]
name = "gel-store"
version = "0.2.0"
dependencies = [
 "gel-core",
 "gel-orb",
]

[[package]]
name = "gel-structural"
version = "0.2.0"
dependencies = [
 "gel-core",
 "gel-orb",
]

[[package]]
name = "xtask"
version = "0.2.0"
